{
    "_meta": {
        "hash": {
            "sha256": "a710f2da56ceb0319e1f48d04396e72b8ee4d65a1c8426fd4e50d97cd9a2bcec"
        },
        "pipfile-spec": 6,
        "requires": {
            "python_version": "3.9"
        },
        "sources": [
            {
                "name": "pypi",
                "url": "https://pypi.org/simple",
                "verify_ssl": true
            }
        ]
    },
    "default": {
        "certifi": {
            "hashes": [
                "sha256:35824b4c3a97115964b408844d64aa14db1cc518f6562e8d7261699d1350a9e3",
                "sha256:4ad3232f5e926d6718ec31cfc1fcadfde020920e278684144551c91769c7bc18"
            ],
            "index": "pypi",
            "version": "==2022.12.7"
        },
        "chardet": {
            "hashes": [
                "sha256:0d6f53a15db4120f2b08c94f11e7d93d2c911ee118b6b30a04ec3ee8310179fa",
                "sha256:f864054d66fd9118f2e67044ac8981a54775ec5b67aed0441892edb553d21da5"
            ],
            "markers": "python_version >= '2.7' and python_version not in '3.0, 3.1, 3.2, 3.3, 3.4'",
            "version": "==4.0.0"
        },
        "click": {
            "hashes": [
                "sha256:7682dc8afb30297001674575ea00d1814d808d6a36af415a82bd481d37ba7b8e",
                "sha256:bb4d8133cb15a609f44e8213d9b391b0809795062913b383c62be0ee95b1db48"
            ],
            "markers": "python_version >= '3.7'",
            "version": "==8.1.3"
        },
        "click-plugins": {
            "hashes": [
                "sha256:46ab999744a9d831159c3411bb0c79346d94a444df9a3a3742e9ed63645f264b",
                "sha256:5d262006d3222f5057fd81e1623d4443e41dcda5dc815c06b442aa3c02889fc8"
            ],
            "version": "==1.1.1"
        },
        "colorama": {
            "hashes": [
                "sha256:08695f5cb7ed6e0531a20572697297273c47b8cae5a63ffc6d6ed5c201be6e44",
                "sha256:4f1d9991f5acc0ca119f9d443620b77f9d6b33703e51011c16baf57afb285fc6"
            ],
            "markers": "python_version >= '2.7' and python_version not in '3.0, 3.1, 3.2, 3.3, 3.4, 3.5, 3.6'",
            "version": "==0.4.6"
        },
        "configparser": {
            "hashes": [
                "sha256:8be267824b541c09b08db124917f48ab525a6c3e837011f3130781a224c57090",
                "sha256:b065779fd93c6bf4cee42202fa4351b4bb842e96a3fb469440e484517a49b9fa"
            ],
            "markers": "python_version >= '3.7'",
            "version": "==5.3.0"
        },
        "idna": {
            "hashes": [
                "sha256:b307872f855b18632ce0c21c5e45be78c0ea7ae4c15c828c20788b26921eb3f6",
                "sha256:b97d804b1e9b523befed77c48dacec60e6dcb0b5391d57af6a65a312a90648c0"
            ],
            "markers": "python_version >= '2.7' and python_version not in '3.0, 3.1, 3.2, 3.3'",
            "version": "==2.10"
        },
        "pybinaryedge": {
            "hashes": [
                "sha256:00cf2f253aa44c7d6589a56d70c5b820a5060c3a0a2aee018f0b4ed732fe7632"
            ],
            "index": "pypi",
            "version": "==0.5"
        },
        "pyjarm": {
            "hashes": [
                "sha256:73110c42e65ce21944d18ebf0639d1ade3d36ef36b416d4577cf83574fce6541",
                "sha256:c955396901e59710d61b1cb7e442735fe9840ed6d8dd87ffba8cef159cc083c4"
            ],
            "index": "pypi",
            "version": "==0.0.5"
        },
        "requests": {
            "hashes": [
                "sha256:27973dd4a904a4f13b263a19c866c13b92a39ed1c964655f025f3f8d3d75b804",
                "sha256:c210084e36a42ae6b9219e00e48287def368a26d03a048ddad7bfee44f75871e"
            ],
            "index": "pypi",
            "version": "==2.25.1"
        },
        "shodan": {
            "hashes": [
                "sha256:7e2bddbc1b60bf620042d0010f4b762a80b43111dbea9c041d72d4325e260c23"
            ],
            "index": "pypi",
            "version": "==1.25.0"
        },
        "urllib3": {
            "hashes": [
                "sha256:753a0374df26658f99d826cfe40394a686d05985786d946fbe4165b5148f5a7c",
                "sha256:a7acd0977125325f516bda9735fa7142b909a8d01e8b2e4c8108d0984e6e0098"
            ],
            "index": "pypi",
            "version": "==1.26.5"
        },
        "xlsxwriter": {
            "hashes": [
                "sha256:df0aefe5137478d206847eccf9f114715e42aaea077e6a48d0e8a2152e983010",
                "sha256:e89f4a1d2fa2c9ea15cde77de95cd3fd8b0345d0efb3964623f395c8c4988b7f"
            ],
            "markers": "python_version >= '3.4'",
            "version": "==3.0.3"
        }
    },
    "develop": {}
}
